
Microsoft Visual Studio Solution File, Format Version 12.00
# Visual Studio Version 16
VisualStudioVersion = 16.0.29519.181
MinimumVisualStudioVersion = 10.0.40219.1
Project("{FAE04EC0-301F-11D3-BF4B-00C04F79EFBC}") = "Health-Care-Assist-Provider", "Health-Care-Assist-Provider\Health-Care-Assist-Provider.csproj", "{6534A35E-A009-42FD-90A5-223694DEC0EA}"
EndProject
Global
	GlobalSection(SolutionConfigurationPlatforms) = preSolution
		Debug|Any CPU = Debug|Any CPU
		Release|Any CPU = Release|Any CPU
	EndGlobalSection
	GlobalSection(ProjectConfigurationPlatforms) = postSolution
		{6534A35E-A009-42FD-90A5-223694DEC0EA}.Debug|Any CPU.ActiveCfg = Debug|Any CPU
		{6534A35E-A009-42FD-90A5-223694DEC0EA}.Debug|Any CPU.Build.0 = Debug|Any CPU
		{6534A35E-A009-42FD-90A5-223694DEC0EA}.Release|Any CPU.ActiveCfg = Release|Any CPU
		{6534A35E-A009-42FD-90A5-223694DEC0EA}.Release|Any CPU.Build.0 = Release|Any CPU
	EndGlobalSection
	GlobalSection(SolutionProperties) = preSolution
		HideSolutionNode = FALSE
	EndGlobalSection
	GlobalSection(ExtensibilityGlobals) = postSolution
		SolutionGuid = {EF73C2B3-16A3-4AC0-BDA1-85F3C97FBE73}
	EndGlobalSection
EndGlobal
